
Microsoft Visual Studio Solution File, Format Version 12.00
# Visual Studio Version 16
VisualStudioVersion = 16.0.30225.117
MinimumVisualStudioVersion = 10.0.40219.1
Project("{FAE04EC0-301F-11D3-BF4B-00C04F79EFBC}") = "DcadToolBar", "DcadToolBar\DcadToolBar.csproj", "{6A2E3980-A914-499B-8EF7-E44CDF9492C2}"
EndProject
Project("{FAE04EC0-301F-11D3-BF4B-00C04F79EFBC}") = "ToolBarUpdater", "ToolBarUpdater\ToolBarUpdater.csproj", "{73C203B5-0F90-44D8-A1BA-6ABFA8E80848}"
EndProject
Global
	GlobalSection(SolutionConfigurationPlatforms) = preSolution
		Debug|Any CPU = Debug|Any CPU
		Release|Any CPU = Release|Any CPU
	EndGlobalSection
	GlobalSection(ProjectConfigurationPlatforms) = postSolution
		{6A2E3980-A914-499B-8EF7-E44CDF9492C2}.Debug|Any CPU.ActiveCfg = Debug|Any CPU
		{6A2E3980-A914-499B-8EF7-E44CDF9492C2}.Debug|Any CPU.Build.0 = Debug|Any CPU
		{6A2E3980-A914-499B-8EF7-E44CDF9492C2}.Release|Any CPU.ActiveCfg = Release|Any CPU
		{6A2E3980-A914-499B-8EF7-E44CDF9492C2}.Release|Any CPU.Build.0 = Release|Any CPU
		{73C203B5-0F90-44D8-A1BA-6ABFA8E80848}.Debug|Any CPU.ActiveCfg = Debug|Any CPU
		{73C203B5-0F90-44D8-A1BA-6ABFA8E80848}.Debug|Any CPU.Build.0 = Debug|Any CPU
		{73C203B5-0F90-44D8-A1BA-6ABFA8E80848}.Release|Any CPU.ActiveCfg = Release|Any CPU
		{73C203B5-0F90-44D8-A1BA-6ABFA8E80848}.Release|Any CPU.Build.0 = Release|Any CPU
	EndGlobalSection
	GlobalSection(SolutionProperties) = preSolution
		HideSolutionNode = FALSE
	EndGlobalSection
	GlobalSection(ExtensibilityGlobals) = postSolution
		SolutionGuid = {59859173-9C3E-4AD7-B78A-F56124685C9F}
	EndGlobalSection
EndGlobal
